
Microsoft Visual Studio Solution File, Format Version 12.00
# Visual Studio Version 17
VisualStudioVersion = 17.14.36408.4 d17.14
MinimumVisualStudioVersion = 10.0.40219.1
Project("{8BC9CEB8-8B4A-11D0-8D11-00A0C91BC942}") = "GemMatch", "GemMatch\GemMatch.vcxproj", "{8FC0C724-B9B8-40C2-9343-905F151F3E5A}"
EndProject
Global
	GlobalSection(SolutionConfigurationPlatforms) = preSolution
		Debug|x64 = Debug|x64
		Release|x64 = Release|x64
	EndGlobalSection
	GlobalSection(ProjectConfigurationPlatforms) = postSolution
		{8FC0C724-B9B8-40C2-9343-905F151F3E5A}.Debug|x64.ActiveCfg = Debug|x64
		{8FC0C724-B9B8-40C2-9343-905F151F3E5A}.Debug|x64.Build.0 = Debug|x64
		{8FC0C724-B9B8-40C2-9343-905F151F3E5A}.Release|x64.ActiveCfg = Release|x64
		{8FC0C724-B9B8-40C2-9343-905F151F3E5A}.Release|x64.Build.0 = Release|x64
	EndGlobalSection
	GlobalSection(SolutionProperties) = preSolution
		HideSolutionNode = FALSE
	EndGlobalSection
	GlobalSection(ExtensibilityGlobals) = postSolution
		SolutionGuid = {BC9A586C-5A4C-41DB-B551-EB477F890112}
	EndGlobalSection
EndGlobal
