<?xml version="1.0" encoding="utf-8"?>
<Project ToolsVersion="4.0" xmlns="http://schemas.microsoft.com/developer/msbuild/2003">
  <ItemGroup>
    <ClCompile Include="GemMatch.cpp" />
    <ClCompile Include="main.cpp" />
    <ClCompile Include="Board.cpp">
      <Filter>model</Filter>
    </ClCompile>
    <ClCompile Include="MatchFinder.cpp">
      <Filter>model</Filter>
    </ClCompile>
    <ClCompile Include="GravitySystem.cpp">
      <Filter>model</Filter>
    </ClCompile>
    <ClCompile Include="GameCore.cpp">
      <Filter>model</Filter>
    </ClCompile>
    <ClCompile Include="PlayerSession.cpp">
      <Filter>model</Filter>
    </ClCompile>
    <ClCompile Include="MainWindow.cpp">
      <Filter>view</Filter>
    </ClCompile>
    <ClCompile Include="SceneGame.cpp">
      <Filter>view</Filter>
    </ClCompile>
    <ClCompile Include="GameController.cpp">
      <Filter>controller</Filter>
    </ClCompile>
    <ClCompile Include="GemItem.cpp">
      <Filter>view</Filter>
    </ClCompile>
    <ClCompile Include="PageLogin.cpp">
      <Filter>view</Filter>
    </ClCompile>
    <ClCompile Include="SceneStart.cpp">
      <Filter>view</Filter>
    </ClCompile>
    <ClCompile Include="SceneRank.cpp">
      <Filter>view</Filter>
    </ClCompile>
    <ClCompile Include="PageSettings.cpp">
      <Filter>view</Filter>
    </ClCompile>
    <ClCompile Include="PageAbout.cpp">
      <Filter>view</Filter>
    </ClCompile>
    <ClCompile Include="GameButton.cpp" />
    <ClCompile Include="VideoBackground.cpp" />
    <ClCompile Include="PageAdmin.cpp">
      <Filter>view</Filter>
    </ClCompile>
    <ClCompile Include="Email.cpp" />
    <ClCompile Include="qrcodegen.cpp" />
    <ClCompile Include="GameOverDialog.cpp">
      <Filter>view</Filter>
    </ClCompile>
    <ClCompile Include="GameLogo.cpp">
      <Filter>view</Filter>
    </ClCompile>
    <ClCompile Include="PageStatistics.cpp">
      <Filter>view</Filter>
    </ClCompile>
    <ClCompile Include="ScoreChartWidget.cpp">
      <Filter>view</Filter>
    </ClCompile>
  </ItemGroup>
  <ItemGroup>
    <QtMoc Include="GemMatch.h" />
    <QtMoc Include="GameController.h">
      <Filter>controller</Filter>
    </QtMoc>
    <QtMoc Include="GemItem.h">
      <Filter>view</Filter>
    </QtMoc>
    <QtMoc Include="SceneGame.h">
      <Filter>view</Filter>
    </QtMoc>
    <QtMoc Include="MainWindow.h">
      <Filter>view</Filter>
    </QtMoc>
    <QtMoc Include="PageSettings.h">
      <Filter>view</Filter>
    </QtMoc>
    <QtMoc Include="SceneRank.h">
      <Filter>view</Filter>
    </QtMoc>
    <QtMoc Include="SceneStart.h">
      <Filter>view</Filter>
    </QtMoc>
    <QtMoc Include="PageLogin.h">
      <Filter>view</Filter>
    </QtMoc>
    <QtMoc Include="PageAbout.h">
      <Filter>view</Filter>
    </QtMoc>
    <QtMoc Include="VideoBackground.h" />
    <QtMoc Include="PageAdmin.h">
      <Filter>view</Filter>
    </QtMoc>
    <QtMoc Include="Email.h" />
    <QtMoc Include="GameOverDialog.h">
      <Filter>view</Filter>
    </QtMoc>
    <QtMoc Include="GameLogo.h">
      <Filter>view</Filter>
    </QtMoc>
    <QtMoc Include="GameButton.h">
      <Filter>view</Filter>
    </QtMoc>
    <QtMoc Include="SpeechManager.cpp">
      <Filter>utils</Filter>
    </QtMoc>
    <QtMoc Include="PageStatistics.h">
      <Filter>view</Filter>
    </QtMoc>
    <QtMoc Include="ScoreChartWidget.h">
      <Filter>view</Filter>
    </QtMoc>
  </ItemGroup>
  <ItemGroup>
    <QtRcc Include="GemMatch.qrc" />
  </ItemGroup>
  <ItemGroup>
    <QtUic Include="GemMatch.ui" />
  </ItemGroup>
  <ItemGroup>
    <Filter Include="model">
      <UniqueIdentifier>{f7b06752-686e-4449-99f5-be13c5d7fc36}</UniqueIdentifier>
    </Filter>
    <Filter Include="view">
      <UniqueIdentifier>{9242b24a-b6d1-4083-8891-8dd0ec2d0e15}</UniqueIdentifier>
    </Filter>
    <Filter Include="controller">
      <UniqueIdentifier>{8fd36572-afd9-47ae-94b2-7f695d791106}</UniqueIdentifier>
    </Filter>
    <Filter Include="utils">
      <UniqueIdentifier>{7c5093df-8654-41bd-a4b6-9145656e210a}</UniqueIdentifier>
    </Filter>
  </ItemGroup>
  <ItemGroup>
    <ClInclude Include="Gem.h">
      <Filter>model</Filter>
    </ClInclude>
    <ClInclude Include="Board.h">
      <Filter>model</Filter>
    </ClInclude>
    <ClInclude Include="MatchFinder.h">
      <Filter>model</Filter>
    </ClInclude>
    <ClInclude Include="GravitySystem.h">
      <Filter>model</Filter>
    </ClInclude>
    <ClInclude Include="GameCore.h">
      <Filter>model</Filter>
    </ClInclude>
    <ClInclude Include="PlayerSession.h">
      <Filter>model</Filter>
    </ClInclude>
    <ClInclude Include="Config.h">
      <Filter>utils</Filter>
    </ClInclude>
    <ClInclude Include="ResourceLoader.h">
      <Filter>utils</Filter>
    </ClInclude>
    <ClInclude Include="resource.h" />
    <ClInclude Include="qrcodegen.hpp" />
    <ClInclude Include="UserManager.h">
      <Filter>utils</Filter>
    </ClInclude>
    <ClInclude Include="SpeechManager.h">
      <Filter>utils</Filter>
    </ClInclude>
  </ItemGroup>
  <ItemGroup>
    <Image Include="assets\images\bg_login.jpg" />
  </ItemGroup>
  <ItemGroup>
    <ResourceCompile Include="GemMatch.rc" />
  </ItemGroup>
</Project>