<?xml version="1.0" encoding="utf-8"?>
<Project ToolsVersion="4.0" xmlns="http://schemas.microsoft.com/developer/msbuild/2003">
  <ItemGroup>
    <ClCompile Include="GemMatch.cpp" />
    <ClCompile Include="main.cpp" />
  </ItemGroup>
  <ItemGroup>
    <QtMoc Include="GemMatch.h" />
  </ItemGroup>
  <ItemGroup>
    <QtRcc Include="GemMatch.qrc" />
  </ItemGroup>
  <ItemGroup>
    <QtUic Include="GemMatch.ui" />
  </ItemGroup>
  <ItemGroup>
    <Filter Include="ui">
      <UniqueIdentifier>{26705215-95b0-42e3-8607-fbeac35e12cc}</UniqueIdentifier>
    </Filter>
  </ItemGroup>
</Project>